
Microsoft Visual Studio Solution File, Format Version 12.00
# Visual Studio Version 16
VisualStudioVersion = 16.0.30011.22
MinimumVisualStudioVersion = 10.0.40219.1
Project("{FAE04EC0-301F-11D3-BF4B-00C04F79EFBC}") = "Switch", "Switch\Switch.csproj", "{1F513650-1EFD-4D04-A1F5-6B5E6731A4E1}"
EndProject
Global
	GlobalSection(SolutionConfigurationPlatforms) = preSolution
		Debug|Any CPU = Debug|Any CPU
		Release|Any CPU = Release|Any CPU
	EndGlobalSection
	GlobalSection(ProjectConfigurationPlatforms) = postSolution
		{1F513650-1EFD-4D04-A1F5-6B5E6731A4E1}.Debug|Any CPU.ActiveCfg = Debug|Any CPU
		{1F513650-1EFD-4D04-A1F5-6B5E6731A4E1}.Debug|Any CPU.Build.0 = Debug|Any CPU
		{1F513650-1EFD-4D04-A1F5-6B5E6731A4E1}.Release|Any CPU.ActiveCfg = Release|Any CPU
		{1F513650-1EFD-4D04-A1F5-6B5E6731A4E1}.Release|Any CPU.Build.0 = Release|Any CPU
	EndGlobalSection
	GlobalSection(SolutionProperties) = preSolution
		HideSolutionNode = FALSE
	EndGlobalSection
	GlobalSection(ExtensibilityGlobals) = postSolution
		SolutionGuid = {EC6EECA8-1FDB-4D70-8526-CB74ADF1216E}
	EndGlobalSection
EndGlobal
